
Microsoft Visual Studio Solution File, Format Version 12.00
# Visual Studio Version 17
VisualStudioVersion = 17.4.33205.214
MinimumVisualStudioVersion = 10.0.40219.1
Project("{FAE04EC0-301F-11D3-BF4B-00C04F79EFBC}") = "File Extention Tracker", "File Extention Tracker.csproj", "{77C13D9E-D7FF-49B1-88A9-3E90E05214B0}"
EndProject
Global
	GlobalSection(SolutionConfigurationPlatforms) = preSolution
		Debug|Any CPU = Debug|Any CPU
		Release|Any CPU = Release|Any CPU
	EndGlobalSection
	GlobalSection(ProjectConfigurationPlatforms) = postSolution
		{77C13D9E-D7FF-49B1-88A9-3E90E05214B0}.Debug|Any CPU.ActiveCfg = Debug|Any CPU
		{77C13D9E-D7FF-49B1-88A9-3E90E05214B0}.Debug|Any CPU.Build.0 = Debug|Any CPU
		{77C13D9E-D7FF-49B1-88A9-3E90E05214B0}.Release|Any CPU.ActiveCfg = Release|Any CPU
		{77C13D9E-D7FF-49B1-88A9-3E90E05214B0}.Release|Any CPU.Build.0 = Release|Any CPU
	EndGlobalSection
	GlobalSection(SolutionProperties) = preSolution
		HideSolutionNode = FALSE
	EndGlobalSection
	GlobalSection(ExtensibilityGlobals) = postSolution
		SolutionGuid = {245452C6-CE4D-4D2C-91A8-3786E62DA7FA}
	EndGlobalSection
EndGlobal
